
Microsoft Visual Studio Solution File, Format Version 12.00
# Visual Studio 2010
Project("{FAE04EC0-301F-11D3-BF4B-00C04F79EFBC}") = "Afrodite.Tests", "Afrodite.Tests\Afrodite.Tests.csproj", "{93140A29-9299-472E-869C-98223CEFE5F0}"
EndProject
Project("{FAE04EC0-301F-11D3-BF4B-00C04F79EFBC}") = "Afrodite", "Afrodite\Afrodite.csproj", "{DDA1A4E2-4348-4AA9-B3D3-E6745B8CB563}"
EndProject
Project("{FAE04EC0-301F-11D3-BF4B-00C04F79EFBC}") = "Afrodite.Sample", "Afrodite.Sample\Afrodite.Sample.csproj", "{2376CDEC-A40A-4472-A544-624A6ED065B6}"
EndProject
Global
	GlobalSection(SolutionConfigurationPlatforms) = preSolution
		Debug|Mixed Platforms = Debug|Mixed Platforms
		Debug|x86 = Debug|x86
		Release|Mixed Platforms = Release|Mixed Platforms
		Release|x86 = Release|x86
	EndGlobalSection
	GlobalSection(ProjectConfigurationPlatforms) = postSolution
		{93140A29-9299-472E-869C-98223CEFE5F0}.Debug|Mixed Platforms.ActiveCfg = Debug|Any CPU
		{93140A29-9299-472E-869C-98223CEFE5F0}.Debug|Mixed Platforms.Build.0 = Debug|Any CPU
		{93140A29-9299-472E-869C-98223CEFE5F0}.Debug|x86.ActiveCfg = Debug|Any CPU
		{93140A29-9299-472E-869C-98223CEFE5F0}.Debug|x86.Build.0 = Debug|Any CPU
		{93140A29-9299-472E-869C-98223CEFE5F0}.Release|Mixed Platforms.ActiveCfg = Release|Any CPU
		{93140A29-9299-472E-869C-98223CEFE5F0}.Release|Mixed Platforms.Build.0 = Release|Any CPU
		{93140A29-9299-472E-869C-98223CEFE5F0}.Release|x86.ActiveCfg = Release|Any CPU
		{93140A29-9299-472E-869C-98223CEFE5F0}.Release|x86.Build.0 = Release|Any CPU
		{DDA1A4E2-4348-4AA9-B3D3-E6745B8CB563}.Debug|Mixed Platforms.ActiveCfg = Debug|Any CPU
		{DDA1A4E2-4348-4AA9-B3D3-E6745B8CB563}.Debug|Mixed Platforms.Build.0 = Debug|Any CPU
		{DDA1A4E2-4348-4AA9-B3D3-E6745B8CB563}.Debug|x86.ActiveCfg = Debug|Any CPU
		{DDA1A4E2-4348-4AA9-B3D3-E6745B8CB563}.Debug|x86.Build.0 = Debug|Any CPU
		{DDA1A4E2-4348-4AA9-B3D3-E6745B8CB563}.Release|Mixed Platforms.ActiveCfg = Release|Any CPU
		{DDA1A4E2-4348-4AA9-B3D3-E6745B8CB563}.Release|Mixed Platforms.Build.0 = Release|Any CPU
		{DDA1A4E2-4348-4AA9-B3D3-E6745B8CB563}.Release|x86.ActiveCfg = Release|Any CPU
		{DDA1A4E2-4348-4AA9-B3D3-E6745B8CB563}.Release|x86.Build.0 = Release|Any CPU
		{2376CDEC-A40A-4472-A544-624A6ED065B6}.Debug|Mixed Platforms.ActiveCfg = Debug|x86
		{2376CDEC-A40A-4472-A544-624A6ED065B6}.Debug|Mixed Platforms.Build.0 = Debug|x86
		{2376CDEC-A40A-4472-A544-624A6ED065B6}.Debug|x86.ActiveCfg = Debug|x86
		{2376CDEC-A40A-4472-A544-624A6ED065B6}.Debug|x86.Build.0 = Debug|x86
		{2376CDEC-A40A-4472-A544-624A6ED065B6}.Release|Mixed Platforms.ActiveCfg = Release|x86
		{2376CDEC-A40A-4472-A544-624A6ED065B6}.Release|Mixed Platforms.Build.0 = Release|x86
		{2376CDEC-A40A-4472-A544-624A6ED065B6}.Release|x86.ActiveCfg = Release|x86
		{2376CDEC-A40A-4472-A544-624A6ED065B6}.Release|x86.Build.0 = Release|x86
	EndGlobalSection
	GlobalSection(SolutionProperties) = preSolution
		HideSolutionNode = FALSE
	EndGlobalSection
EndGlobal
